
Microsoft Visual Studio Solution File, Format Version 12.00
# Visual Studio Version 17
VisualStudioVersion = 17.2.32519.379
MinimumVisualStudioVersion = 10.0.40219.1
Project("{9A19103F-16F7-4668-BE54-9A1E7A4F7556}") = "TestApp", "TestApp.csproj", "{1F3EA843-8286-4D05-8FED-AFD164DD2B52}"
EndProject
Project("{2150E333-8FDC-42A3-9474-1A3956D46DE8}") = "SolutionItems", "SolutionItems", "{199BA1A5-90B4-4986-87E6-F26BCA17B80F}"
	ProjectSection(SolutionItems) = preProject
		buildspec.yml = buildspec.yml
	EndProjectSection
EndProject
Global
	GlobalSection(SolutionConfigurationPlatforms) = preSolution
		Debug|Any CPU = Debug|Any CPU
		Release|Any CPU = Release|Any CPU
	EndGlobalSection
	GlobalSection(ProjectConfigurationPlatforms) = postSolution
		{1F3EA843-8286-4D05-8FED-AFD164DD2B52}.Debug|Any CPU.ActiveCfg = Debug|Any CPU
		{1F3EA843-8286-4D05-8FED-AFD164DD2B52}.Debug|Any CPU.Build.0 = Debug|Any CPU
		{1F3EA843-8286-4D05-8FED-AFD164DD2B52}.Release|Any CPU.ActiveCfg = Release|Any CPU
		{1F3EA843-8286-4D05-8FED-AFD164DD2B52}.Release|Any CPU.Build.0 = Release|Any CPU
	EndGlobalSection
	GlobalSection(SolutionProperties) = preSolution
		HideSolutionNode = FALSE
	EndGlobalSection
	GlobalSection(ExtensibilityGlobals) = postSolution
		SolutionGuid = {F77AE7F8-6467-4274-A284-A39B13739347}
	EndGlobalSection
EndGlobal
